
Microsoft Visual Studio Solution File, Format Version 12.00
# Visual Studio for Mac
Project("{FAE04EC0-301F-11D3-BF4B-00C04F79EFBC}") = "Project020818", "Assembly-CSharp.csproj", "{585D732E-A24F-9F35-75B8-91D3A3F18427}"
EndProject
Global
	GlobalSection(SolutionConfigurationPlatforms) = preSolution
		Debug|Any CPU = Debug|Any CPU
		Release|Any CPU = Release|Any CPU
	EndGlobalSection
	GlobalSection(ProjectConfigurationPlatforms) = postSolution
		{585D732E-A24F-9F35-75B8-91D3A3F18427}.Debug|Any CPU.ActiveCfg = Debug|Any CPU
		{585D732E-A24F-9F35-75B8-91D3A3F18427}.Debug|Any CPU.Build.0 = Debug|Any CPU
		{585D732E-A24F-9F35-75B8-91D3A3F18427}.Release|Any CPU.ActiveCfg = Release|Any CPU
		{585D732E-A24F-9F35-75B8-91D3A3F18427}.Release|Any CPU.Build.0 = Release|Any CPU
	EndGlobalSection
	GlobalSection(SolutionProperties) = preSolution
		HideSolutionNode = FALSE
	EndGlobalSection
EndGlobal
